// !$*UTF8*$!
{
	archiveVersion = 1;
	classes = {
	};
	objectVersion = 46;
	objects = {

/* Begin PBXBuildFile section */
		3BE5797BF17CF260FA925912 /* Pods_vdeeTests.framework in Frameworks */ = {isa = PBXBuildFile; fileRef = AC6D20884C92025042295C6B /* Pods_vdeeTests.framework */; };
		581C0F6E2076F577007FB455 /* FBFeedViewController.swift in Sources */ = {isa = PBXBuildFile; fileRef = 581C0F6D2076F577007FB455 /* FBFeedViewController.swift */; };
		58533D7C2075F7FB00046B36 /* FBFeedViewController.m in Sources */ = {isa = PBXBuildFile; fileRef = 58533D7B2075F7FB00046B36 /* FBFeedViewController.m */; };
		5A7E89B62088218700AF9337 /* RadioStationsViewController.m in Sources */ = {isa = PBXBuildFile; fileRef = 5A7E89B52088218700AF9337 /* RadioStationsViewController.m */; };
		5A7E89BC2088600E00AF9337 /* radioCollectionViewCell.m in Sources */ = {isa = PBXBuildFile; fileRef = 5A7E89BB2088600E00AF9337 /* radioCollectionViewCell.m */; };
		5A7E89BF208B008800AF9337 /* Main.storyboard in Resources */ = {isa = PBXBuildFile; fileRef = 5A7E89BD208B008800AF9337 /* Main.storyboard */; };
		7749BBC2616DC7A7ED3BFD4E /* Pods_vdeeUITests.framework in Frameworks */ = {isa = PBXBuildFile; fileRef = AC8CCFCC7CF6B4EEC25D9076 /* Pods_vdeeUITests.framework */; };
		8F1AB9DC1EDB7DCA00C1FC11 /* SystemConfiguration.framework in Frameworks */ = {isa = PBXBuildFile; fileRef = 8F1AB9DB1EDB7DCA00C1FC11 /* SystemConfiguration.framework */; };
		8F7063211ECBFCCD0048D17E /* AudioToolbox.framework in Frameworks */ = {isa = PBXBuildFile; fileRef = 8F7063201ECBFCCD0048D17E /* AudioToolbox.framework */; settings = {ATTRIBUTES = (Required, ); }; };
		8F95CFAA1EC8F31800CF80B2 /* cover_photo.jpg in Resources */ = {isa = PBXBuildFile; fileRef = 8F95CFA91EC8F31800CF80B2 /* cover_photo.jpg */; };
		8F95CFAE1EC9017000CF80B2 /* play.png in Resources */ = {isa = PBXBuildFile; fileRef = 8F95CFAC1EC9017000CF80B2 /* play.png */; };
		8F95CFB01EC90CA500CF80B2 /* stop.png in Resources */ = {isa = PBXBuildFile; fileRef = 8F95CFAF1EC90CA500CF80B2 /* stop.png */; };
		8FC310611EC04F5400CFBC40 /* main.m in Sources */ = {isa = PBXBuildFile; fileRef = 8FC310601EC04F5400CFBC40 /* main.m */; };
		8FC310641EC04F5400CFBC40 /* AppDelegate.m in Sources */ = {isa = PBXBuildFile; fileRef = 8FC310631EC04F5400CFBC40 /* AppDelegate.m */; };
		8FC310671EC04F5400CFBC40 /* ViewController.m in Sources */ = {isa = PBXBuildFile; fileRef = 8FC310661EC04F5400CFBC40 /* ViewController.m */; };
		8FC3106C1EC04F5400CFBC40 /* Assets.xcassets in Resources */ = {isa = PBXBuildFile; fileRef = 8FC3106B1EC04F5400CFBC40 /* Assets.xcassets */; };
		8FC3106F1EC04F5400CFBC40 /* LaunchScreen.storyboard in Resources */ = {isa = PBXBuildFile; fileRef = 8FC3106D1EC04F5400CFBC40 /* LaunchScreen.storyboard */; };
		8FC3107A1EC04F5400CFBC40 /* vdeeTests.m in Sources */ = {isa = PBXBuildFile; fileRef = 8FC310791EC04F5400CFBC40 /* vdeeTests.m */; };
		8FC310851EC04F5400CFBC40 /* vdeeUITests.m in Sources */ = {isa = PBXBuildFile; fileRef = 8FC310841EC04F5400CFBC40 /* vdeeUITests.m */; };
		8FF967D31ED3915600FB924C /* Fabric.framework in Frameworks */ = {isa = PBXBuildFile; fileRef = 8FF967D11ED3915600FB924C /* Fabric.framework */; };
		8FF967D41ED3915600FB924C /* Crashlytics.framework in Frameworks */ = {isa = PBXBuildFile; fileRef = 8FF967D21ED3915600FB924C /* Crashlytics.framework */; };
		8FF967D91ED3CE6300FB924C /* Reachabiliy.m in Sources */ = {isa = PBXBuildFile; fileRef = 8FF967D81ED3CE6300FB924C /* Reachabiliy.m */; };
		ABE658562078CE2A00AE95B8 /* Constants.m in Sources */ = {isa = PBXBuildFile; fileRef = ABE658552078CE2A00AE95B8 /* Constants.m */; };
		ABE658592078D14800AE95B8 /* FirebaseManager.m in Sources */ = {isa = PBXBuildFile; fileRef = ABE658582078D14800AE95B8 /* FirebaseManager.m */; };
		CC48535C2087E17600B4A475 /* RemoteConfigDefaults.plist in Resources */ = {isa = PBXBuildFile; fileRef = CC48535B2087E17600B4A475 /* RemoteConfigDefaults.plist */; };
		CC48535E2087E21E00B4A475 /* GoogleService-Info.plist in Resources */ = {isa = PBXBuildFile; fileRef = CC48535D2087E21E00B4A475 /* GoogleService-Info.plist */; };
		E47257CA28360237BBB0AA22 /* Pods_vdee.framework in Frameworks */ = {isa = PBXBuildFile; fileRef = BABDDEA67FE6E1D61C00DCC2 /* Pods_vdee.framework */; };
/* End PBXBuildFile section */

/* Begin PBXContainerItemProxy section */
		8FC310761EC04F5400CFBC40 /* PBXContainerItemProxy */ = {
			isa = PBXContainerItemProxy;
			containerPortal = 8FC310541EC04F5400CFBC40 /* Project object */;
			proxyType = 1;
			remoteGlobalIDString = 8FC3105B1EC04F5400CFBC40;
			remoteInfo = vdee;
		};
		8FC310811EC04F5400CFBC40 /* PBXContainerItemProxy */ = {
			isa = PBXContainerItemProxy;
			containerPortal = 8FC310541EC04F5400CFBC40 /* Project object */;
			proxyType = 1;
			remoteGlobalIDString = 8FC3105B1EC04F5400CFBC40;
			remoteInfo = vdee;
		};
/* End PBXContainerItemProxy section */

/* Begin PBXFileReference section */
		16B858B26EACDE922224AA32 /* Pods-vdee.release.xcconfig */ = {isa = PBXFileReference; includeInIndex = 1; lastKnownFileType = text.xcconfig; name = "Pods-vdee.release.xcconfig"; path = "Pods/Target Support Files/Pods-vdee/Pods-vdee.release.xcconfig"; sourceTree = "<group>"; };
		581C0F6D2076F577007FB455 /* FBFeedViewController.swift */ = {isa = PBXFileReference; lastKnownFileType = sourcecode.swift; path = FBFeedViewController.swift; sourceTree = "<group>"; };
		584F071720880B77005F4CAE /* RemoteConfigDefaults.plist */ = {isa = PBXFileReference; lastKnownFileType = text.plist.xml; path = RemoteConfigDefaults.plist; sourceTree = "<group>"; };
		584F071920880BCE005F4CAE /* GoogleService-Info.plist */ = {isa = PBXFileReference; lastKnownFileType = text.plist.xml; path = "GoogleService-Info.plist"; sourceTree = "<group>"; };
		58533D7B2075F7FB00046B36 /* FBFeedViewController.m */ = {isa = PBXFileReference; lastKnownFileType = sourcecode.c.objc; path = FBFeedViewController.m; sourceTree = "<group>"; };
		58533D7D2075F81D00046B36 /* FBFeedViewController.h */ = {isa = PBXFileReference; lastKnownFileType = sourcecode.c.h; path = FBFeedViewController.h; sourceTree = "<group>"; };
		5A11182C2049CE6F00315DDD /* vdee-Bridging-Header.h */ = {isa = PBXFileReference; lastKnownFileType = sourcecode.c.h; path = "vdee-Bridging-Header.h"; sourceTree = "<group>"; };
		5A5E4DC7FCA749D50E21A850 /* Pods-vdeeTests.release.xcconfig */ = {isa = PBXFileReference; includeInIndex = 1; lastKnownFileType = text.xcconfig; name = "Pods-vdeeTests.release.xcconfig"; path = "Pods/Target Support Files/Pods-vdeeTests/Pods-vdeeTests.release.xcconfig"; sourceTree = "<group>"; };
		5A7E89AE2088202F00AF9337 /* RemoteConfigDefaults.plist */ = {isa = PBXFileReference; fileEncoding = 4; lastKnownFileType = text.plist.xml; name = RemoteConfigDefaults.plist; path = ../../../Downloads/RemoteConfigDefaults.plist; sourceTree = "<group>"; };
		5A7E89B02088203B00AF9337 /* GoogleService-Info.plist */ = {isa = PBXFileReference; fileEncoding = 4; lastKnownFileType = text.plist.xml; name = "GoogleService-Info.plist"; path = "../../../Downloads/GoogleService-Info.plist"; sourceTree = "<group>"; };
		5A7E89B42088218700AF9337 /* RadioStationsViewController.h */ = {isa = PBXFileReference; lastKnownFileType = sourcecode.c.h; path = RadioStationsViewController.h; sourceTree = "<group>"; };
		5A7E89B52088218700AF9337 /* RadioStationsViewController.m */ = {isa = PBXFileReference; lastKnownFileType = sourcecode.c.objc; path = RadioStationsViewController.m; sourceTree = "<group>"; };
		5A7E89BA2088600E00AF9337 /* radioCollectionViewCell.h */ = {isa = PBXFileReference; lastKnownFileType = sourcecode.c.h; path = radioCollectionViewCell.h; sourceTree = "<group>"; };
		5A7E89BB2088600E00AF9337 /* radioCollectionViewCell.m */ = {isa = PBXFileReference; lastKnownFileType = sourcecode.c.objc; path = radioCollectionViewCell.m; sourceTree = "<group>"; };
		5A7E89BE208B008800AF9337 /* Base */ = {isa = PBXFileReference; lastKnownFileType = file.storyboard; name = Base; path = Base.lproj/Main.storyboard; sourceTree = "<group>"; };
		8F1AB9DB1EDB7DCA00C1FC11 /* SystemConfiguration.framework */ = {isa = PBXFileReference; lastKnownFileType = wrapper.framework; name = SystemConfiguration.framework; path = System/Library/Frameworks/SystemConfiguration.framework; sourceTree = SDKROOT; };
		8F7063201ECBFCCD0048D17E /* AudioToolbox.framework */ = {isa = PBXFileReference; lastKnownFileType = wrapper.framework; name = AudioToolbox.framework; path = System/Library/Frameworks/AudioToolbox.framework; sourceTree = SDKROOT; };
		8F737F041EE36486008968CD /* vdee_logo.png */ = {isa = PBXFileReference; lastKnownFileType = image.png; name = vdee_logo.png; path = ../../../Desktop/vdee_logo.png; sourceTree = "<group>"; };
		8F95CFA91EC8F31800CF80B2 /* cover_photo.jpg */ = {isa = PBXFileReference; lastKnownFileType = image.jpeg; path = cover_photo.jpg; sourceTree = "<group>"; };
		8F95CFAC1EC9017000CF80B2 /* play.png */ = {isa = PBXFileReference; lastKnownFileType = image.png; path = play.png; sourceTree = "<group>"; };
		8F95CFAF1EC90CA500CF80B2 /* stop.png */ = {isa = PBXFileReference; lastKnownFileType = image.png; path = stop.png; sourceTree = "<group>"; };
		8FC3105C1EC04F5400CFBC40 /* vdee.app */ = {isa = PBXFileReference; explicitFileType = wrapper.application; includeInIndex = 0; path = vdee.app; sourceTree = BUILT_PRODUCTS_DIR; };
		8FC310601EC04F5400CFBC40 /* main.m */ = {isa = PBXFileReference; lastKnownFileType = sourcecode.c.objc; path = main.m; sourceTree = "<group>"; };
		8FC310621EC04F5400CFBC40 /* AppDelegate.h */ = {isa = PBXFileReference; lastKnownFileType = sourcecode.c.h; path = AppDelegate.h; sourceTree = "<group>"; };
		8FC310631EC04F5400CFBC40 /* AppDelegate.m */ = {isa = PBXFileReference; lastKnownFileType = sourcecode.c.objc; path = AppDelegate.m; sourceTree = "<group>"; };
		8FC310651EC04F5400CFBC40 /* ViewController.h */ = {isa = PBXFileReference; lastKnownFileType = sourcecode.c.h; path = ViewController.h; sourceTree = "<group>"; };
		8FC310661EC04F5400CFBC40 /* ViewController.m */ = {isa = PBXFileReference; lastKnownFileType = sourcecode.c.objc; path = ViewController.m; sourceTree = "<group>"; };
		8FC3106B1EC04F5400CFBC40 /* Assets.xcassets */ = {isa = PBXFileReference; lastKnownFileType = folder.assetcatalog; path = Assets.xcassets; sourceTree = "<group>"; };
		8FC3106E1EC04F5400CFBC40 /* Base */ = {isa = PBXFileReference; lastKnownFileType = file.storyboard; name = Base; path = Base.lproj/LaunchScreen.storyboard; sourceTree = "<group>"; };
		8FC310701EC04F5400CFBC40 /* Info.plist */ = {isa = PBXFileReference; lastKnownFileType = text.plist.xml; path = Info.plist; sourceTree = "<group>"; };
		8FC310751EC04F5400CFBC40 /* vdeeTests.xctest */ = {isa = PBXFileReference; explicitFileType = wrapper.cfbundle; includeInIndex = 0; path = vdeeTests.xctest; sourceTree = BUILT_PRODUCTS_DIR; };
		8FC310791EC04F5400CFBC40 /* vdeeTests.m */ = {isa = PBXFileReference; lastKnownFileType = sourcecode.c.objc; path = vdeeTests.m; sourceTree = "<group>"; };
		8FC3107B1EC04F5400CFBC40 /* Info.plist */ = {isa = PBXFileReference; lastKnownFileType = text.plist.xml; path = Info.plist; sourceTree = "<group>"; };
		8FC310801EC04F5400CFBC40 /* vdeeUITests.xctest */ = {isa = PBXFileReference; explicitFileType = wrapper.cfbundle; includeInIndex = 0; path = vdeeUITests.xctest; sourceTree = BUILT_PRODUCTS_DIR; };
		8FC310841EC04F5400CFBC40 /* vdeeUITests.m */ = {isa = PBXFileReference; lastKnownFileType = sourcecode.c.objc; path = vdeeUITests.m; sourceTree = "<group>"; };
		8FC310861EC04F5400CFBC40 /* Info.plist */ = {isa = PBXFileReference; lastKnownFileType = text.plist.xml; path = Info.plist; sourceTree = "<group>"; };
		8FF967D11ED3915600FB924C /* Fabric.framework */ = {isa = PBXFileReference; lastKnownFileType = wrapper.framework; path = Fabric.framework; sourceTree = "<group>"; };
		8FF967D21ED3915600FB924C /* Crashlytics.framework */ = {isa = PBXFileReference; lastKnownFileType = wrapper.framework; path = Crashlytics.framework; sourceTree = "<group>"; };
		8FF967D71ED3CE0A00FB924C /* Reachability.h */ = {isa = PBXFileReference; lastKnownFileType = sourcecode.c.h; path = Reachability.h; sourceTree = "<group>"; };
		8FF967D81ED3CE6300FB924C /* Reachabiliy.m */ = {isa = PBXFileReference; fileEncoding = 4; lastKnownFileType = sourcecode.c.objc; path = Reachabiliy.m; sourceTree = "<group>"; };
		ABE658542078CE2A00AE95B8 /* Constants.h */ = {isa = PBXFileReference; lastKnownFileType = sourcecode.c.h; path = Constants.h; sourceTree = "<group>"; };
		ABE658552078CE2A00AE95B8 /* Constants.m */ = {isa = PBXFileReference; lastKnownFileType = sourcecode.c.objc; path = Constants.m; sourceTree = "<group>"; };
		ABE658572078D14800AE95B8 /* FirebaseManager.h */ = {isa = PBXFileReference; lastKnownFileType = sourcecode.c.h; path = FirebaseManager.h; sourceTree = "<group>"; };
		ABE658582078D14800AE95B8 /* FirebaseManager.m */ = {isa = PBXFileReference; lastKnownFileType = sourcecode.c.objc; path = FirebaseManager.m; sourceTree = "<group>"; };
		ABE6585C207B3B2200AE95B8 /* vdee_logo.png */ = {isa = PBXFileReference; lastKnownFileType = image.png; path = vdee_logo.png; sourceTree = "<group>"; };
		AC6D20884C92025042295C6B /* Pods_vdeeTests.framework */ = {isa = PBXFileReference; explicitFileType = wrapper.framework; includeInIndex = 0; path = Pods_vdeeTests.framework; sourceTree = BUILT_PRODUCTS_DIR; };
		AC8CCFCC7CF6B4EEC25D9076 /* Pods_vdeeUITests.framework */ = {isa = PBXFileReference; explicitFileType = wrapper.framework; includeInIndex = 0; path = Pods_vdeeUITests.framework; sourceTree = BUILT_PRODUCTS_DIR; };
		AD21BD5FB156C3DF49CC96EF /* Pods-vdee.debug.xcconfig */ = {isa = PBXFileReference; includeInIndex = 1; lastKnownFileType = text.xcconfig; name = "Pods-vdee.debug.xcconfig"; path = "Pods/Target Support Files/Pods-vdee/Pods-vdee.debug.xcconfig"; sourceTree = "<group>"; };
		BABDDEA67FE6E1D61C00DCC2 /* Pods_vdee.framework */ = {isa = PBXFileReference; explicitFileType = wrapper.framework; includeInIndex = 0; path = Pods_vdee.framework; sourceTree = BUILT_PRODUCTS_DIR; };
		CC48535B2087E17600B4A475 /* RemoteConfigDefaults.plist */ = {isa = PBXFileReference; lastKnownFileType = text.plist.xml; path = RemoteConfigDefaults.plist; sourceTree = "<group>"; };
		CC48535D2087E21E00B4A475 /* GoogleService-Info.plist */ = {isa = PBXFileReference; lastKnownFileType = text.plist.xml; path = "GoogleService-Info.plist"; sourceTree = "<group>"; };
		F00A4E0D629EB84152058295 /* Pods-vdeeTests.debug.xcconfig */ = {isa = PBXFileReference; includeInIndex = 1; lastKnownFileType = text.xcconfig; name = "Pods-vdeeTests.debug.xcconfig"; path = "Pods/Target Support Files/Pods-vdeeTests/Pods-vdeeTests.debug.xcconfig"; sourceTree = "<group>"; };
		FBC8BC4FDD4E03492029A770 /* Pods-vdeeUITests.debug.xcconfig */ = {isa = PBXFileReference; includeInIndex = 1; lastKnownFileType = text.xcconfig; name = "Pods-vdeeUITests.debug.xcconfig"; path = "Pods/Target Support Files/Pods-vdeeUITests/Pods-vdeeUITests.debug.xcconfig"; sourceTree = "<group>"; };
		FCB1D96C69D87A5DB659875A /* Pods-vdeeUITests.release.xcconfig */ = {isa = PBXFileReference; includeInIndex = 1; lastKnownFileType = text.xcconfig; name = "Pods-vdeeUITests.release.xcconfig"; path = "Pods/Target Support Files/Pods-vdeeUITests/Pods-vdeeUITests.release.xcconfig"; sourceTree = "<group>"; };
/* End PBXFileReference section */

/* Begin PBXFrameworksBuildPhase section */
		8FC310591EC04F5400CFBC40 /* Frameworks */ = {
			isa = PBXFrameworksBuildPhase;
			buildActionMask = 2147483647;
			files = (
				8F1AB9DC1EDB7DCA00C1FC11 /* SystemConfiguration.framework in Frameworks */,
				8F7063211ECBFCCD0048D17E /* AudioToolbox.framework in Frameworks */,
				8FF967D41ED3915600FB924C /* Crashlytics.framework in Frameworks */,
				8FF967D31ED3915600FB924C /* Fabric.framework in Frameworks */,
				E47257CA28360237BBB0AA22 /* Pods_vdee.framework in Frameworks */,
			);
			runOnlyForDeploymentPostprocessing = 0;
		};
		8FC310721EC04F5400CFBC40 /* Frameworks */ = {
			isa = PBXFrameworksBuildPhase;
			buildActionMask = 2147483647;
			files = (
				3BE5797BF17CF260FA925912 /* Pods_vdeeTests.framework in Frameworks */,
			);
			runOnlyForDeploymentPostprocessing = 0;
		};
		8FC3107D1EC04F5400CFBC40 /* Frameworks */ = {
			isa = PBXFrameworksBuildPhase;
			buildActionMask = 2147483647;
			files = (
				7749BBC2616DC7A7ED3BFD4E /* Pods_vdeeUITests.framework in Frameworks */,
			);
			runOnlyForDeploymentPostprocessing = 0;
		};
/* End PBXFrameworksBuildPhase section */

/* Begin PBXGroup section */
		30B5E72CC0A6195AB20695B4 /* Pods */ = {
			isa = PBXGroup;
			children = (
				AD21BD5FB156C3DF49CC96EF /* Pods-vdee.debug.xcconfig */,
				16B858B26EACDE922224AA32 /* Pods-vdee.release.xcconfig */,
				F00A4E0D629EB84152058295 /* Pods-vdeeTests.debug.xcconfig */,
				5A5E4DC7FCA749D50E21A850 /* Pods-vdeeTests.release.xcconfig */,
				FBC8BC4FDD4E03492029A770 /* Pods-vdeeUITests.debug.xcconfig */,
				FCB1D96C69D87A5DB659875A /* Pods-vdeeUITests.release.xcconfig */,
			);
			name = Pods;
			sourceTree = "<group>";
		};
		3AF25908D8AFABB0E4D18798 /* Frameworks */ = {
			isa = PBXGroup;
			children = (
				BABDDEA67FE6E1D61C00DCC2 /* Pods_vdee.framework */,
				AC6D20884C92025042295C6B /* Pods_vdeeTests.framework */,
				AC8CCFCC7CF6B4EEC25D9076 /* Pods_vdeeUITests.framework */,
			);
			name = Frameworks;
			sourceTree = "<group>";
		};
		8FC310531EC04F5400CFBC40 = {
			isa = PBXGroup;
			children = (
				5A7E89AE2088202F00AF9337 /* RemoteConfigDefaults.plist */,
				5A7E89B02088203B00AF9337 /* GoogleService-Info.plist */,
				8F1AB9DB1EDB7DCA00C1FC11 /* SystemConfiguration.framework */,
				8FF967D11ED3915600FB924C /* Fabric.framework */,
				8FF967D21ED3915600FB924C /* Crashlytics.framework */,
				8F7063201ECBFCCD0048D17E /* AudioToolbox.framework */,
				8FC3105E1EC04F5400CFBC40 /* vdee */,
				8FC310781EC04F5400CFBC40 /* vdeeTests */,
				8FC310831EC04F5400CFBC40 /* vdeeUITests */,
				8FC3105D1EC04F5400CFBC40 /* Products */,
				30B5E72CC0A6195AB20695B4 /* Pods */,
				3AF25908D8AFABB0E4D18798 /* Frameworks */,
			);
			sourceTree = "<group>";
		};
		8FC3105D1EC04F5400CFBC40 /* Products */ = {
			isa = PBXGroup;
			children = (
				8FC3105C1EC04F5400CFBC40 /* vdee.app */,
				8FC310751EC04F5400CFBC40 /* vdeeTests.xctest */,
				8FC310801EC04F5400CFBC40 /* vdeeUITests.xctest */,
			);
			name = Products;
			sourceTree = "<group>";
		};
		8FC3105E1EC04F5400CFBC40 /* vdee */ = {
			isa = PBXGroup;
			children = (
				ABE658572078D14800AE95B8 /* FirebaseManager.h */,
				ABE658582078D14800AE95B8 /* FirebaseManager.m */,
				ABE658542078CE2A00AE95B8 /* Constants.h */,
				ABE658552078CE2A00AE95B8 /* Constants.m */,
				5A7E89BD208B008800AF9337 /* Main.storyboard */,
				8FF967D81ED3CE6300FB924C /* Reachabiliy.m */,
				8FF967D71ED3CE0A00FB924C /* Reachability.h */,
				8FC310621EC04F5400CFBC40 /* AppDelegate.h */,
				CC48535D2087E21E00B4A475 /* GoogleService-Info.plist */,
				CC48535B2087E17600B4A475 /* RemoteConfigDefaults.plist */,
				8FC310631EC04F5400CFBC40 /* AppDelegate.m */,
				8FC310651EC04F5400CFBC40 /* ViewController.h */,
				8FC310661EC04F5400CFBC40 /* ViewController.m */,
				8FC3106B1EC04F5400CFBC40 /* Assets.xcassets */,
				ABE6585C207B3B2200AE95B8 /* vdee_logo.png */,
				8FC3106D1EC04F5400CFBC40 /* LaunchScreen.storyboard */,
				8FC310701EC04F5400CFBC40 /* Info.plist */,
				8FC3105F1EC04F5400CFBC40 /* Supporting Files */,
				5A11182C2049CE6F00315DDD /* vdee-Bridging-Header.h */,
				58533D7B2075F7FB00046B36 /* FBFeedViewController.m */,
				58533D7D2075F81D00046B36 /* FBFeedViewController.h */,
				581C0F6D2076F577007FB455 /* FBFeedViewController.swift */,
				584F071720880B77005F4CAE /* RemoteConfigDefaults.plist */,
				584F071920880BCE005F4CAE /* GoogleService-Info.plist */,
				5A7E89B42088218700AF9337 /* RadioStationsViewController.h */,
				5A7E89B52088218700AF9337 /* RadioStationsViewController.m */,
				5A7E89BA2088600E00AF9337 /* radioCollectionViewCell.h */,
				5A7E89BB2088600E00AF9337 /* radioCollectionViewCell.m */,
			);
			path = vdee;
			sourceTree = "<group>";
		};
		8FC3105F1EC04F5400CFBC40 /* Supporting Files */ = {
			isa = PBXGroup;
			children = (
				8F737F041EE36486008968CD /* vdee_logo.png */,
				8F95CFAF1EC90CA500CF80B2 /* stop.png */,
				8F95CFAC1EC9017000CF80B2 /* play.png */,
				8F95CFA91EC8F31800CF80B2 /* cover_photo.jpg */,
				8FC310601EC04F5400CFBC40 /* main.m */,
			);
			name = "Supporting Files";
			sourceTree = "<group>";
		};
		8FC310781EC04F5400CFBC40 /* vdeeTests */ = {
			isa = PBXGroup;
			children = (
				8FC310791EC04F5400CFBC40 /* vdeeTests.m */,
				8FC3107B1EC04F5400CFBC40 /* Info.plist */,
			);
			path = vdeeTests;
			sourceTree = "<group>";
		};
		8FC310831EC04F5400CFBC40 /* vdeeUITests */ = {
			isa = PBXGroup;
			children = (
				8FC310841EC04F5400CFBC40 /* vdeeUITests.m */,
				8FC310861EC04F5400CFBC40 /* Info.plist */,
			);
			path = vdeeUITests;
			sourceTree = "<group>";
		};
/* End PBXGroup section */

/* Begin PBXNativeTarget section */
		8FC3105B1EC04F5400CFBC40 /* vdee */ = {
			isa = PBXNativeTarget;
			buildConfigurationList = 8FC310891EC04F5400CFBC40 /* Build configuration list for PBXNativeTarget "vdee" */;
			buildPhases = (
				1BDC56BABE2A12C1794CC65D /* [CP] Check Pods Manifest.lock */,
				8FC310581EC04F5400CFBC40 /* Sources */,
				8FC310591EC04F5400CFBC40 /* Frameworks */,
				8FC3105A1EC04F5400CFBC40 /* Resources */,
				8FF967CF1ED3911900FB924C /* ShellScript */,
				8D0231017A322A9C43629D85 /* [CP] Embed Pods Frameworks */,
			);
			buildRules = (
			);
			dependencies = (
			);
			name = vdee;
			productName = vdee;
			productReference = 8FC3105C1EC04F5400CFBC40 /* vdee.app */;
			productType = "com.apple.product-type.application";
		};
		8FC310741EC04F5400CFBC40 /* vdeeTests */ = {
			isa = PBXNativeTarget;
			buildConfigurationList = 8FC3108C1EC04F5400CFBC40 /* Build configuration list for PBXNativeTarget "vdeeTests" */;
			buildPhases = (
				81F823CF284731279C9157F3 /* [CP] Check Pods Manifest.lock */,
				8FC310711EC04F5400CFBC40 /* Sources */,
				8FC310721EC04F5400CFBC40 /* Frameworks */,
				8FC310731EC04F5400CFBC40 /* Resources */,
			);
			buildRules = (
			);
			dependencies = (
				8FC310771EC04F5400CFBC40 /* PBXTargetDependency */,
			);
			name = vdeeTests;
			productName = vdeeTests;
			productReference = 8FC310751EC04F5400CFBC40 /* vdeeTests.xctest */;
			productType = "com.apple.product-type.bundle.unit-test";
		};
		8FC3107F1EC04F5400CFBC40 /* vdeeUITests */ = {
			isa = PBXNativeTarget;
			buildConfigurationList = 8FC3108F1EC04F5400CFBC40 /* Build configuration list for PBXNativeTarget "vdeeUITests" */;
			buildPhases = (
				2E0969806FB1512893CB0D4E /* [CP] Check Pods Manifest.lock */,
				8FC3107C1EC04F5400CFBC40 /* Sources */,
				8FC3107D1EC04F5400CFBC40 /* Frameworks */,
				8FC3107E1EC04F5400CFBC40 /* Resources */,
			);
			buildRules = (
			);
			dependencies = (
				8FC310821EC04F5400CFBC40 /* PBXTargetDependency */,
			);
			name = vdeeUITests;
			productName = vdeeUITests;
			productReference = 8FC310801EC04F5400CFBC40 /* vdeeUITests.xctest */;
			productType = "com.apple.product-type.bundle.ui-testing";
		};
/* End PBXNativeTarget section */

/* Begin PBXProject section */
		8FC310541EC04F5400CFBC40 /* Project object */ = {
			isa = PBXProject;
			attributes = {
				LastUpgradeCheck = 0830;
				ORGANIZATIONNAME = "Anita Garcia";
				TargetAttributes = {
					8FC3105B1EC04F5400CFBC40 = {
						CreatedOnToolsVersion = 7.3.1;
						LastSwiftMigration = 0920;
						SystemCapabilities = {
							com.apple.BackgroundModes = {
								enabled = 1;
							};
						};
					};
					8FC310741EC04F5400CFBC40 = {
						CreatedOnToolsVersion = 7.3.1;
						TestTargetID = 8FC3105B1EC04F5400CFBC40;
					};
					8FC3107F1EC04F5400CFBC40 = {
						CreatedOnToolsVersion = 7.3.1;
						TestTargetID = 8FC3105B1EC04F5400CFBC40;
					};
				};
			};
			buildConfigurationList = 8FC310571EC04F5400CFBC40 /* Build configuration list for PBXProject "vdee" */;
			compatibilityVersion = "Xcode 3.2";
			developmentRegion = English;
			hasScannedForEncodings = 0;
			knownRegions = (
				en,
				Base,
			);
			mainGroup = 8FC310531EC04F5400CFBC40;
			productRefGroup = 8FC3105D1EC04F5400CFBC40 /* Products */;
			projectDirPath = "";
			projectRoot = "";
			targets = (
				8FC3105B1EC04F5400CFBC40 /* vdee */,
				8FC310741EC04F5400CFBC40 /* vdeeTests */,
				8FC3107F1EC04F5400CFBC40 /* vdeeUITests */,
			);
		};
/* End PBXProject section */

/* Begin PBXResourcesBuildPhase section */
		8FC3105A1EC04F5400CFBC40 /* Resources */ = {
			isa = PBXResourcesBuildPhase;
			buildActionMask = 2147483647;
			files = (
				8FC3106F1EC04F5400CFBC40 /* LaunchScreen.storyboard in Resources */,
				8FC3106C1EC04F5400CFBC40 /* Assets.xcassets in Resources */,
				8F95CFAA1EC8F31800CF80B2 /* cover_photo.jpg in Resources */,
				5A7E89BF208B008800AF9337 /* Main.storyboard in Resources */,
				8F95CFAE1EC9017000CF80B2 /* play.png in Resources */,
				8F95CFB01EC90CA500CF80B2 /* stop.png in Resources */,
				CC48535C2087E17600B4A475 /* RemoteConfigDefaults.plist in Resources */,
				CC48535E2087E21E00B4A475 /* GoogleService-Info.plist in Resources */,
			);
			runOnlyForDeploymentPostprocessing = 0;
		};
		8FC310731EC04F5400CFBC40 /* Resources */ = {
			isa = PBXResourcesBuildPhase;
			buildActionMask = 2147483647;
			files = (
			);
			runOnlyForDeploymentPostprocessing = 0;
		};
		8FC3107E1EC04F5400CFBC40 /* Resources */ = {
			isa = PBXResourcesBuildPhase;
			buildActionMask = 2147483647;
			files = (
			);
			runOnlyForDeploymentPostprocessing = 0;
		};
/* End PBXResourcesBuildPhase section */

/* Begin PBXShellScriptBuildPhase section */
		1BDC56BABE2A12C1794CC65D /* [CP] Check Pods Manifest.lock */ = {
			isa = PBXShellScriptBuildPhase;
			buildActionMask = 2147483647;
			files = (
			);
			inputPaths = (
				"${PODS_PODFILE_DIR_PATH}/Podfile.lock",
				"${PODS_ROOT}/Manifest.lock",
			);
			name = "[CP] Check Pods Manifest.lock";
			outputPaths = (
				"$(DERIVED_FILE_DIR)/Pods-vdee-checkManifestLockResult.txt",
			);
			runOnlyForDeploymentPostprocessing = 0;
			shellPath = /bin/sh;
			shellScript = "diff \"${PODS_PODFILE_DIR_PATH}/Podfile.lock\" \"${PODS_ROOT}/Manifest.lock\" > /dev/null\nif [ $? != 0 ] ; then\n    # print error to STDERR\n    echo \"error: The sandbox is not in sync with the Podfile.lock. Run 'pod install' or update your CocoaPods installation.\" >&2\n    exit 1\nfi\n# This output is used by Xcode 'outputs' to avoid re-running this script phase.\necho \"SUCCESS\" > \"${SCRIPT_OUTPUT_FILE_0}\"\n";
			showEnvVarsInLog = 0;
		};
		2E0969806FB1512893CB0D4E /* [CP] Check Pods Manifest.lock */ = {
			isa = PBXShellScriptBuildPhase;
			buildActionMask = 2147483647;
			files = (
			);
			inputPaths = (
				"${PODS_PODFILE_DIR_PATH}/Podfile.lock",
				"${PODS_ROOT}/Manifest.lock",
			);
			name = "[CP] Check Pods Manifest.lock";
			outputPaths = (
				"$(DERIVED_FILE_DIR)/Pods-vdeeUITests-checkManifestLockResult.txt",
			);
			runOnlyForDeploymentPostprocessing = 0;
			shellPath = /bin/sh;
			shellScript = "diff \"${PODS_PODFILE_DIR_PATH}/Podfile.lock\" \"${PODS_ROOT}/Manifest.lock\" > /dev/null\nif [ $? != 0 ] ; then\n    # print error to STDERR\n    echo \"error: The sandbox is not in sync with the Podfile.lock. Run 'pod install' or update your CocoaPods installation.\" >&2\n    exit 1\nfi\n# This output is used by Xcode 'outputs' to avoid re-running this script phase.\necho \"SUCCESS\" > \"${SCRIPT_OUTPUT_FILE_0}\"\n";
			showEnvVarsInLog = 0;
		};
		81F823CF284731279C9157F3 /* [CP] Check Pods Manifest.lock */ = {
			isa = PBXShellScriptBuildPhase;
			buildActionMask = 2147483647;
			files = (
			);
			inputPaths = (
				"${PODS_PODFILE_DIR_PATH}/Podfile.lock",
				"${PODS_ROOT}/Manifest.lock",
			);
			name = "[CP] Check Pods Manifest.lock";
			outputPaths = (
				"$(DERIVED_FILE_DIR)/Pods-vdeeTests-checkManifestLockResult.txt",
			);
			runOnlyForDeploymentPostprocessing = 0;
			shellPath = /bin/sh;
			shellScript = "diff \"${PODS_PODFILE_DIR_PATH}/Podfile.lock\" \"${PODS_ROOT}/Manifest.lock\" > /dev/null\nif [ $? != 0 ] ; then\n    # print error to STDERR\n    echo \"error: The sandbox is not in sync with the Podfile.lock. Run 'pod install' or update your CocoaPods installation.\" >&2\n    exit 1\nfi\n# This output is used by Xcode 'outputs' to avoid re-running this script phase.\necho \"SUCCESS\" > \"${SCRIPT_OUTPUT_FILE_0}\"\n";
			showEnvVarsInLog = 0;
		};
		8D0231017A322A9C43629D85 /* [CP] Embed Pods Frameworks */ = {
			isa = PBXShellScriptBuildPhase;
			buildActionMask = 2147483647;
			files = (
			);
			inputPaths = (
				"${SRCROOT}/Pods/Target Support Files/Pods-vdee/Pods-vdee-frameworks.sh",
				"${BUILT_PRODUCTS_DIR}/GoogleToolboxForMac/GoogleToolboxForMac.framework",
				"${BUILT_PRODUCTS_DIR}/Protobuf/Protobuf.framework",
				"${BUILT_PRODUCTS_DIR}/nanopb/nanopb.framework",
			);
			name = "[CP] Embed Pods Frameworks";
			outputPaths = (
				"${TARGET_BUILD_DIR}/${FRAMEWORKS_FOLDER_PATH}/GoogleToolboxForMac.framework",
				"${TARGET_BUILD_DIR}/${FRAMEWORKS_FOLDER_PATH}/Protobuf.framework",
				"${TARGET_BUILD_DIR}/${FRAMEWORKS_FOLDER_PATH}/nanopb.framework",
			);
			runOnlyForDeploymentPostprocessing = 0;
			shellPath = /bin/sh;
			shellScript = "\"${SRCROOT}/Pods/Target Support Files/Pods-vdee/Pods-vdee-frameworks.sh\"\n";
			showEnvVarsInLog = 0;
		};
		8FF967CF1ED3911900FB924C /* ShellScript */ = {
			isa = PBXShellScriptBuildPhase;
			buildActionMask = 2147483647;
			files = (
			);
			inputPaths = (
			);
			outputPaths = (
			);
			runOnlyForDeploymentPostprocessing = 0;
			shellPath = /bin/sh;
			shellScript = "\"${PODS_ROOT}/Fabric/run\" e98e2f89d256b2302927f46e1422d5312e6089df 33be581959f1f80480fddf325ebd85d0c2239143efb9b1139429a9db63616bf9";
		};
/* End PBXShellScriptBuildPhase section */

/* Begin PBXSourcesBuildPhase section */
		8FC310581EC04F5400CFBC40 /* Sources */ = {
			isa = PBXSourcesBuildPhase;
			buildActionMask = 2147483647;
			files = (
				581C0F6E2076F577007FB455 /* FBFeedViewController.swift in Sources */,
				ABE658592078D14800AE95B8 /* FirebaseManager.m in Sources */,
				ABE658562078CE2A00AE95B8 /* Constants.m in Sources */,
				5A7E89BC2088600E00AF9337 /* radioCollectionViewCell.m in Sources */,
				8FC310671EC04F5400CFBC40 /* ViewController.m in Sources */,
				5A7E89B62088218700AF9337 /* RadioStationsViewController.m in Sources */,
				8FF967D91ED3CE6300FB924C /* Reachabiliy.m in Sources */,
				8FC310641EC04F5400CFBC40 /* AppDelegate.m in Sources */,
				8FC310611EC04F5400CFBC40 /* main.m in Sources */,
				58533D7C2075F7FB00046B36 /* FBFeedViewController.m in Sources */,
			);
			runOnlyForDeploymentPostprocessing = 0;
		};
		8FC310711EC04F5400CFBC40 /* Sources */ = {
			isa = PBXSourcesBuildPhase;
			buildActionMask = 2147483647;
			files = (
				8FC3107A1EC04F5400CFBC40 /* vdeeTests.m in Sources */,
			);
			runOnlyForDeploymentPostprocessing = 0;
		};
		8FC3107C1EC04F5400CFBC40 /* Sources */ = {
			isa = PBXSourcesBuildPhase;
			buildActionMask = 2147483647;
			files = (
				8FC310851EC04F5400CFBC40 /* vdeeUITests.m in Sources */,
			);
			runOnlyForDeploymentPostprocessing = 0;
		};
/* End PBXSourcesBuildPhase section */

/* Begin PBXTargetDependency section */
		8FC310771EC04F5400CFBC40 /* PBXTargetDependency */ = {
			isa = PBXTargetDependency;
			target = 8FC3105B1EC04F5400CFBC40 /* vdee */;
			targetProxy = 8FC310761EC04F5400CFBC40 /* PBXContainerItemProxy */;
		};
		8FC310821EC04F5400CFBC40 /* PBXTargetDependency */ = {
			isa = PBXTargetDependency;
			target = 8FC3105B1EC04F5400CFBC40 /* vdee */;
			targetProxy = 8FC310811EC04F5400CFBC40 /* PBXContainerItemProxy */;
		};
/* End PBXTargetDependency section */

/* Begin PBXVariantGroup section */
		5A7E89BD208B008800AF9337 /* Main.storyboard */ = {
			isa = PBXVariantGroup;
			children = (
				5A7E89BE208B008800AF9337 /* Base */,
			);
			name = Main.storyboard;
			sourceTree = "<group>";
		};
		8FC3106D1EC04F5400CFBC40 /* LaunchScreen.storyboard */ = {
			isa = PBXVariantGroup;
			children = (
				8FC3106E1EC04F5400CFBC40 /* Base */,
			);
			name = LaunchScreen.storyboard;
			sourceTree = "<group>";
		};
/* End PBXVariantGroup section */

/* Begin XCBuildConfiguration section */
		8FC310871EC04F5400CFBC40 /* Debug */ = {
			isa = XCBuildConfiguration;
			buildSettings = {
				ALWAYS_SEARCH_USER_PATHS = NO;
				CLANG_ANALYZER_NONNULL = YES;
				CLANG_CXX_LANGUAGE_STANDARD = "gnu++0x";
				CLANG_CXX_LIBRARY = "libc++";
				CLANG_ENABLE_MODULES = YES;
				CLANG_ENABLE_OBJC_ARC = YES;
				CLANG_WARN_BOOL_CONVERSION = YES;
				CLANG_WARN_CONSTANT_CONVERSION = YES;
				CLANG_WARN_DIRECT_OBJC_ISA_USAGE = YES_ERROR;
				CLANG_WARN_EMPTY_BODY = YES;
				CLANG_WARN_ENUM_CONVERSION = YES;
				CLANG_WARN_INFINITE_RECURSION = YES;
				CLANG_WARN_INT_CONVERSION = YES;
				CLANG_WARN_OBJC_ROOT_CLASS = YES_ERROR;
				CLANG_WARN_SUSPICIOUS_MOVE = YES;
				CLANG_WARN_UNREACHABLE_CODE = YES;
				CLANG_WARN__DUPLICATE_METHOD_MATCH = YES;
				"CODE_SIGN_IDENTITY[sdk=iphoneos*]" = "iPhone Developer";
				COPY_PHASE_STRIP = NO;
				DEBUG_INFORMATION_FORMAT = dwarf;
				ENABLE_STRICT_OBJC_MSGSEND = YES;
				ENABLE_TESTABILITY = YES;
				GCC_C_LANGUAGE_STANDARD = gnu99;
				GCC_DYNAMIC_NO_PIC = NO;
				GCC_NO_COMMON_BLOCKS = YES;
				GCC_OPTIMIZATION_LEVEL = 0;
				GCC_PREPROCESSOR_DEFINITIONS = (
					"DEBUG=1",
					"$(inherited)",
				);
				GCC_WARN_64_TO_32_BIT_CONVERSION = YES;
				GCC_WARN_ABOUT_RETURN_TYPE = YES_ERROR;
				GCC_WARN_UNDECLARED_SELECTOR = YES;
				GCC_WARN_UNINITIALIZED_AUTOS = YES_AGGRESSIVE;
				GCC_WARN_UNUSED_FUNCTION = YES;
				GCC_WARN_UNUSED_VARIABLE = YES;
				IPHONEOS_DEPLOYMENT_TARGET = 9.3;
				MTL_ENABLE_DEBUG_INFO = YES;
				ONLY_ACTIVE_ARCH = YES;
				SDKROOT = iphoneos;
				TARGETED_DEVICE_FAMILY = "1,2";
			};
			name = Debug;
		};
		8FC310881EC04F5400CFBC40 /* Release */ = {
			isa = XCBuildConfiguration;
			buildSettings = {
				ALWAYS_SEARCH_USER_PATHS = NO;
				CLANG_ANALYZER_NONNULL = YES;
				CLANG_CXX_LANGUAGE_STANDARD = "gnu++0x";
				CLANG_CXX_LIBRARY = "libc++";
				CLANG_ENABLE_MODULES = YES;
				CLANG_ENABLE_OBJC_ARC = YES;
				CLANG_WARN_BOOL_CONVERSION = YES;
				CLANG_WARN_CONSTANT_CONVERSION = YES;
				CLANG_WARN_DIRECT_OBJC_ISA_USAGE = YES_ERROR;
				CLANG_WARN_EMPTY_BODY = YES;
				CLANG_WARN_ENUM_CONVERSION = YES;
				CLANG_WARN_INFINITE_RECURSION = YES;
				CLANG_WARN_INT_CONVERSION = YES;
				CLANG_WARN_OBJC_ROOT_CLASS = YES_ERROR;
				CLANG_WARN_SUSPICIOUS_MOVE = YES;
				CLANG_WARN_UNREACHABLE_CODE = YES;
				CLANG_WARN__DUPLICATE_METHOD_MATCH = YES;
				"CODE_SIGN_IDENTITY[sdk=iphoneos*]" = "iPhone Developer";
				COPY_PHASE_STRIP = NO;
				DEBUG_INFORMATION_FORMAT = "dwarf-with-dsym";
				ENABLE_NS_ASSERTIONS = NO;
				ENABLE_STRICT_OBJC_MSGSEND = YES;
				GCC_C_LANGUAGE_STANDARD = gnu99;
				GCC_NO_COMMON_BLOCKS = YES;
				GCC_WARN_64_TO_32_BIT_CONVERSION = YES;
				GCC_WARN_ABOUT_RETURN_TYPE = YES_ERROR;
				GCC_WARN_UNDECLARED_SELECTOR = YES;
				GCC_WARN_UNINITIALIZED_AUTOS = YES_AGGRESSIVE;
				GCC_WARN_UNUSED_FUNCTION = YES;
				GCC_WARN_UNUSED_VARIABLE = YES;
				IPHONEOS_DEPLOYMENT_TARGET = 9.3;
				MTL_ENABLE_DEBUG_INFO = NO;
				SDKROOT = iphoneos;
				TARGETED_DEVICE_FAMILY = "1,2";
				VALIDATE_PRODUCT = YES;
			};
			name = Release;
		};
		8FC3108A1EC04F5400CFBC40 /* Debug */ = {
			isa = XCBuildConfiguration;
			baseConfigurationReference = AD21BD5FB156C3DF49CC96EF /* Pods-vdee.debug.xcconfig */;
			buildSettings = {
				ASSETCATALOG_COMPILER_APPICON_NAME = "AppIcon-1";
				CLANG_ENABLE_MODULES = YES;
				CODE_SIGN_IDENTITY = "iPhone Developer";
				"CODE_SIGN_IDENTITY[sdk=iphoneos*]" = "iPhone Developer";
				DEBUG_INFORMATION_FORMAT = "dwarf-with-dsym";
				DEVELOPMENT_TEAM = "";
				ENABLE_BITCODE = YES;
				ENABLE_TESTABILITY = YES;
				FRAMEWORK_SEARCH_PATHS = (
					"$(inherited)",
					"$(PROJECT_DIR)",
				);
				INFOPLIST_FILE = vdee/Info.plist;
				LD_RUNPATH_SEARCH_PATHS = "$(inherited) @executable_path/Frameworks";
				MTL_ENABLE_DEBUG_INFO = YES;
				ONLY_ACTIVE_ARCH = YES;
				PRODUCT_BUNDLE_IDENTIFIER = csumb.vdee;
				PRODUCT_NAME = "$(TARGET_NAME)";
				PROVISIONING_PROFILE = "";
				SWIFT_OBJC_BRIDGING_HEADER = "vdee/vdee-Bridging-Header.h";
				SWIFT_OPTIMIZATION_LEVEL = "-Onone";
				SWIFT_VERSION = 3.0;
			};
			name = Debug;
		};
		8FC3108B1EC04F5400CFBC40 /* Release */ = {
			isa = XCBuildConfiguration;
			baseConfigurationReference = 16B858B26EACDE922224AA32 /* Pods-vdee.release.xcconfig */;
			buildSettings = {
				ASSETCATALOG_COMPILER_APPICON_NAME = "AppIcon-1";
				CLANG_ENABLE_MODULES = YES;
				CODE_SIGN_IDENTITY = "iPhone Developer";
				"CODE_SIGN_IDENTITY[sdk=iphoneos*]" = "iPhone Developer";
				DEVELOPMENT_TEAM = "";
				ENABLE_BITCODE = YES;
				ENABLE_TESTABILITY = YES;
				FRAMEWORK_SEARCH_PATHS = (
					"$(inherited)",
					"$(PROJECT_DIR)",
				);
				INFOPLIST_FILE = vdee/Info.plist;
				LD_RUNPATH_SEARCH_PATHS = "$(inherited) @executable_path/Frameworks";
				MTL_ENABLE_DEBUG_INFO = YES;
				ONLY_ACTIVE_ARCH = YES;
				PRODUCT_BUNDLE_IDENTIFIER = csumb.vdee;
				PRODUCT_NAME = "$(TARGET_NAME)";
				PROVISIONING_PROFILE = "";
				SWIFT_OBJC_BRIDGING_HEADER = "vdee/vdee-Bridging-Header.h";
				SWIFT_VERSION = 3.0;
			};
			name = Release;
		};
		8FC3108D1EC04F5400CFBC40 /* Debug */ = {
			isa = XCBuildConfiguration;
			baseConfigurationReference = F00A4E0D629EB84152058295 /* Pods-vdeeTests.debug.xcconfig */;
			buildSettings = {
				ALWAYS_EMBED_SWIFT_STANDARD_LIBRARIES = YES;
				BUNDLE_LOADER = "$(TEST_HOST)";
				INFOPLIST_FILE = vdeeTests/Info.plist;
				LD_RUNPATH_SEARCH_PATHS = "$(inherited) @executable_path/Frameworks @loader_path/Frameworks";
				PRODUCT_BUNDLE_IDENTIFIER = csumb.vdeeTests;
				PRODUCT_NAME = "$(TARGET_NAME)";
				TEST_HOST = "$(BUILT_PRODUCTS_DIR)/vdee.app/vdee";
			};
			name = Debug;
		};
		8FC3108E1EC04F5400CFBC40 /* Release */ = {
			isa = XCBuildConfiguration;
			baseConfigurationReference = 5A5E4DC7FCA749D50E21A850 /* Pods-vdeeTests.release.xcconfig */;
			buildSettings = {
				ALWAYS_EMBED_SWIFT_STANDARD_LIBRARIES = YES;
				BUNDLE_LOADER = "$(TEST_HOST)";
				INFOPLIST_FILE = vdeeTests/Info.plist;
				LD_RUNPATH_SEARCH_PATHS = "$(inherited) @executable_path/Frameworks @loader_path/Frameworks";
				PRODUCT_BUNDLE_IDENTIFIER = csumb.vdeeTests;
				PRODUCT_NAME = "$(TARGET_NAME)";
				TEST_HOST = "$(BUILT_PRODUCTS_DIR)/vdee.app/vdee";
			};
			name = Release;
		};
		8FC310901EC04F5400CFBC40 /* Debug */ = {
			isa = XCBuildConfiguration;
			baseConfigurationReference = FBC8BC4FDD4E03492029A770 /* Pods-vdeeUITests.debug.xcconfig */;
			buildSettings = {
				ALWAYS_EMBED_SWIFT_STANDARD_LIBRARIES = YES;
				INFOPLIST_FILE = vdeeUITests/Info.plist;
				LD_RUNPATH_SEARCH_PATHS = "$(inherited) @executable_path/Frameworks @loader_path/Frameworks";
				PRODUCT_BUNDLE_IDENTIFIER = csumb.vdeeUITests;
				PRODUCT_NAME = "$(TARGET_NAME)";
				TEST_TARGET_NAME = vdee;
			};
			name = Debug;
		};
		8FC310911EC04F5400CFBC40 /* Release */ = {
			isa = XCBuildConfiguration;
			baseConfigurationReference = FCB1D96C69D87A5DB659875A /* Pods-vdeeUITests.release.xcconfig */;
			buildSettings = {
				ALWAYS_EMBED_SWIFT_STANDARD_LIBRARIES = YES;
				INFOPLIST_FILE = vdeeUITests/Info.plist;
				LD_RUNPATH_SEARCH_PATHS = "$(inherited) @executable_path/Frameworks @loader_path/Frameworks";
				PRODUCT_BUNDLE_IDENTIFIER = csumb.vdeeUITests;
				PRODUCT_NAME = "$(TARGET_NAME)";
				TEST_TARGET_NAME = vdee;
			};
			name = Release;
		};
/* End XCBuildConfiguration section */

/* Begin XCConfigurationList section */
		8FC310571EC04F5400CFBC40 /* Build configuration list for PBXProject "vdee" */ = {
			isa = XCConfigurationList;
			buildConfigurations = (
				8FC310871EC04F5400CFBC40 /* Debug */,
				8FC310881EC04F5400CFBC40 /* Release */,
			);
			defaultConfigurationIsVisible = 0;
			defaultConfigurationName = Release;
		};
		8FC310891EC04F5400CFBC40 /* Build configuration list for PBXNativeTarget "vdee" */ = {
			isa = XCConfigurationList;
			buildConfigurations = (
				8FC3108A1EC04F5400CFBC40 /* Debug */,
				8FC3108B1EC04F5400CFBC40 /* Release */,
			);
			defaultConfigurationIsVisible = 0;
			defaultConfigurationName = Release;
		};
		8FC3108C1EC04F5400CFBC40 /* Build configuration list for PBXNativeTarget "vdeeTests" */ = {
			isa = XCConfigurationList;
			buildConfigurations = (
				8FC3108D1EC04F5400CFBC40 /* Debug */,
				8FC3108E1EC04F5400CFBC40 /* Release */,
			);
			defaultConfigurationIsVisible = 0;
			defaultConfigurationName = Release;
		};
		8FC3108F1EC04F5400CFBC40 /* Build configuration list for PBXNativeTarget "vdeeUITests" */ = {
			isa = XCConfigurationList;
			buildConfigurations = (
				8FC310901EC04F5400CFBC40 /* Debug */,
				8FC310911EC04F5400CFBC40 /* Release */,
			);
			defaultConfigurationIsVisible = 0;
			defaultConfigurationName = Release;
		};
/* End XCConfigurationList section */
	};
	rootObject = 8FC310541EC04F5400CFBC40 /* Project object */;
}
